%{
  "earmark_parser": {:hex, :earmark_parser, "1.4.43", "34b2f401fe473080e39ff2b90feb8ddfeef7639f8ee0bbf71bb41911831d77c5", [:mix], [], "hexpm", "970a3cd19503f5e8e527a190662be2cee5d98eed1ff72ed9b3d1a3d466692de8"},
  "ed25519": {:hex, :ed25519, "1.4.1", "479fb83c3e31987c9cad780e6aeb8f2015fb5a482618cdf2a825c9aff809afc4", [:mix], [], "hexpm", "0dacb84f3faa3d8148e81019ca35f9d8dcee13232c32c9db5c2fb8ff48c80ec7"},
  "ex_doc": {:hex, :ex_doc, "0.22.6", "0fb1e09a3e8b69af0ae94c8b4e4df36995d8c88d5ec7dbd35617929144b62c00", [:mix], [{:earmark_parser, "~> 1.4.0", [hex: :earmark_parser, repo: "hexpm", optional: false]}, {:makeup_elixir, "~> 0.14", [hex: :makeup_elixir, repo: "hexpm", optional: false]}], "hexpm", "1e0aceda15faf71f1b0983165e6e7313be628a460e22a031e32913b98edbd638"},
  "exbase58": {:hex, :exbase58, "1.0.2", "2caa5df4d769b5c555cde11b85e93199037ed8b41f1da23e812619c10e3a3424", [:mix], [], "hexpm", "fe6b6b465750bdc1bd01c7b33b265902dabd63061f7db24e663509b45b4bba3c"},
  "jason": {:hex, :jason, "1.4.4", "b9226785a9aa77b6857ca22832cffa5d5011a667207eb2a0ad56adb5db443b8a", [:mix], [{:decimal, "~> 1.0 or ~> 2.0", [hex: :decimal, repo: "hexpm", optional: true]}], "hexpm", "c5eb0cab91f094599f94d55bc63409236a8ec69a21a67814529e8d5f6cc90b3b"},
  "makeup": {:hex, :makeup, "1.2.1", "e90ac1c65589ef354378def3ba19d401e739ee7ee06fb47f94c687016e3713d1", [:mix], [{:nimble_parsec, "~> 1.4", [hex: :nimble_parsec, repo: "hexpm", optional: false]}], "hexpm", "d36484867b0bae0fea568d10131197a4c2e47056a6fbe84922bf6ba71c8d17ce"},
  "makeup_elixir": {:hex, :makeup_elixir, "0.16.2", "627e84b8e8bf22e60a2579dad15067c755531fea049ae26ef1020cad58fe9578", [:mix], [{:makeup, "~> 1.0", [hex: :makeup, repo: "hexpm", optional: false]}, {:nimble_parsec, "~> 1.2.3 or ~> 1.3", [hex: :nimble_parsec, repo: "hexpm", optional: false]}], "hexpm", "41193978704763f6bbe6cc2758b84909e62984c7752b3784bd3c218bb341706b"},
  "mime": {:hex, :mime, "2.0.6", "8f18486773d9b15f95f4f4f1e39b710045fa1de891fada4516559967276e4dc2", [:mix], [], "hexpm", "c9945363a6b26d747389aac3643f8e0e09d30499a138ad64fe8fd1d13d9b153e"},
  "nimble_parsec": {:hex, :nimble_parsec, "1.4.2", "8efba0122db06df95bfaa78f791344a89352ba04baedd3849593bfce4d0dc1c6", [:mix], [], "hexpm", "4b21398942dda052b403bbe1da991ccd03a053668d147d53fb8c4e0efe09c973"},
  "rustler": {:hex, :rustler, "0.36.1", "2d4b1ff57ea2789a44756a40dbb5fbb73c6ee0a13d031dcba96d0a5542598a6a", [:mix], [{:jason, "~> 1.0", [hex: :jason, repo: "hexpm", optional: false]}, {:toml, "~> 0.7", [hex: :toml, repo: "hexpm", optional: false]}], "hexpm", "f3fba4ad272970e0d1bc62972fc4a99809651e54a125c5242de9bad4574b2d02"},
  "tesla": {:hex, :tesla, "1.4.4", "bb89aa0c9745190930366f6a2ac612cdf2d0e4d7fff449861baa7875afd797b2", [:mix], [{:castore, "~> 0.1", [hex: :castore, repo: "hexpm", optional: true]}, {:exjsx, ">= 3.0.0", [hex: :exjsx, repo: "hexpm", optional: true]}, {:finch, "~> 0.3", [hex: :finch, repo: "hexpm", optional: true]}, {:fuse, "~> 2.4", [hex: :fuse, repo: "hexpm", optional: true]}, {:gun, "~> 1.3", [hex: :gun, repo: "hexpm", optional: true]}, {:hackney, "~> 1.6", [hex: :hackney, repo: "hexpm", optional: true]}, {:ibrowse, "4.4.0", [hex: :ibrowse, repo: "hexpm", optional: true]}, {:jason, ">= 1.0.0", [hex: :jason, repo: "hexpm", optional: true]}, {:mime, "~> 1.0 or ~> 2.0", [hex: :mime, repo: "hexpm", optional: false]}, {:mint, "~> 1.0", [hex: :mint, repo: "hexpm", optional: true]}, {:poison, ">= 1.0.0", [hex: :poison, repo: "hexpm", optional: true]}, {:telemetry, "~> 0.4 or ~> 1.0", [hex: :telemetry, repo: "hexpm", optional: true]}], "hexpm", "d5503a49f9dec1b287567ea8712d085947e247cb11b06bc54adb05bfde466457"},
  "toml": {:hex, :toml, "0.7.0", "fbcd773caa937d0c7a02c301a1feea25612720ac3fa1ccb8bfd9d30d822911de", [:mix], [], "hexpm", "0690246a2478c1defd100b0c9b89b4ea280a22be9a7b313a8a058a2408a2fa70"},
}
